
Microsoft Visual Studio Solution File, Format Version 12.00
# Visual Studio Version 17
VisualStudioVersion = 17.5.002.0
MinimumVisualStudioVersion = 10.0.40219.1
Project("{2150E333-8FDC-42A3-9474-1A3956D46DE8}") = "week01", "week01", "{7D98D489-4D78-4660-B2EC-D9514D3AF13D}"
EndProject
Project("{9A19103F-16F7-4668-BE54-9A1E7A4F7556}") = "Exercise5", "week01\Exercise5\Exercise5.csproj", "{6409C6A6-3314-4F36-BD7B-FA079BA06F90}"
EndProject
Project("{9A19103F-16F7-4668-BE54-9A1E7A4F7556}") = "Exercise2", "week01\Exercise2\Exercise2.csproj", "{CC5D8D87-BCB1-4F81-BDA5-886D984F04CE}"
EndProject
Project("{9A19103F-16F7-4668-BE54-9A1E7A4F7556}") = "Exercise3", "week01\Exercise3\Exercise3.csproj", "{601D6B36-7674-4674-BD7A-E7852E6359D0}"
EndProject
Project("{9A19103F-16F7-4668-BE54-9A1E7A4F7556}") = "Exercise4", "week01\Exercise4\Exercise4.csproj", "{1C8AF333-AD42-4CC0-B79C-E1CB43A8E795}"
EndProject
Project("{9A19103F-16F7-4668-BE54-9A1E7A4F7556}") = "Exercise1", "week01\Exercise1\Exercise1.csproj", "{03FBA388-2630-4F2A-B79C-48EDE963B884}"
EndProject
Project("{2150E333-8FDC-42A3-9474-1A3956D46DE8}") = "week06", "week06", "{EDE0D969-8D2A-42D4-ACF6-2B8D4AD5A0C5}"
EndProject
Project("{9A19103F-16F7-4668-BE54-9A1E7A4F7556}") = "Shapes", "week06\Shapes\Shapes.csproj", "{9340ED8D-0E10-4C19-8765-442744CF2BFE}"
EndProject
Project("{9A19103F-16F7-4668-BE54-9A1E7A4F7556}") = "EternalQuest", "week06\EternalQuest\EternalQuest.csproj", "{249D5C4B-0D54-4790-9131-02EBA89C96F0}"
EndProject
Project("{2150E333-8FDC-42A3-9474-1A3956D46DE8}") = "week07", "week07", "{8A41528E-2578-42D0-8D2F-3D0A560B8F9F}"
EndProject
Project("{9A19103F-16F7-4668-BE54-9A1E7A4F7556}") = "ExerciseTracking", "week07\ExerciseTracking\ExerciseTracking.csproj", "{82E6EE3D-129A-4D99-99D4-70EB7764A7C4}"
EndProject
Project("{2150E333-8FDC-42A3-9474-1A3956D46DE8}") = "sandbox", "sandbox", "{1E740AED-560C-47A4-8E1A-F4B2940851B5}"
EndProject
Project("{9A19103F-16F7-4668-BE54-9A1E7A4F7556}") = "Sandbox", "sandbox\Sandbox\Sandbox.csproj", "{2032EE67-AAFA-4627-8C1F-E0DE4A64BEE4}"
EndProject
Project("{2150E333-8FDC-42A3-9474-1A3956D46DE8}") = "week05", "week05", "{1625D5AC-DA72-440B-BEAD-10EA1BC43FF6}"
EndProject
Project("{9A19103F-16F7-4668-BE54-9A1E7A4F7556}") = "Mindfulness", "week05\Mindfulness\Mindfulness.csproj", "{024DF127-A6D2-48C5-9D6E-F9CADC7A5FBE}"
EndProject
Project("{9A19103F-16F7-4668-BE54-9A1E7A4F7556}") = "Homework", "week05\Homework\Homework.csproj", "{43747AB7-08F4-40D8-9C09-0375269692A9}"
EndProject
Project("{2150E333-8FDC-42A3-9474-1A3956D46DE8}") = "week02", "week02", "{B5BEAF5E-7F55-4411-AC6D-7E6DEDAFACB1}"
EndProject
Project("{9A19103F-16F7-4668-BE54-9A1E7A4F7556}") = "Journal", "week02\Journal\Journal.csproj", "{147CC958-797E-4D79-BE88-228E95A8678B}"
EndProject
Project("{9A19103F-16F7-4668-BE54-9A1E7A4F7556}") = "Resumes", "week02\Resumes\Resumes.csproj", "{DF1CDA63-2463-48B3-A47F-2C81A75225BA}"
EndProject
Project("{2150E333-8FDC-42A3-9474-1A3956D46DE8}") = "week03", "week03", "{F02862B3-F181-4F4C-9998-E7B60A408DE0}"
EndProject
Project("{9A19103F-16F7-4668-BE54-9A1E7A4F7556}") = "ScriptureMemorizer", "week03\ScriptureMemorizer\ScriptureMemorizer.csproj", "{B3A2033E-30AB-4EC0-AA9F-6ACC7AA1A2D5}"
EndProject
Project("{9A19103F-16F7-4668-BE54-9A1E7A4F7556}") = "Fractions", "week03\Fractions\Fractions.csproj", "{6D76A1CF-EC33-4A11-A4D1-875E3BC9B0F4}"
EndProject
Project("{2150E333-8FDC-42A3-9474-1A3956D46DE8}") = "week04", "week04", "{DF91008F-F53E-47FA-8705-F7975A484AC4}"
EndProject
Project("{9A19103F-16F7-4668-BE54-9A1E7A4F7556}") = "YouTubeVideos", "week04\YouTubeVideos\YouTubeVideos.csproj", "{A6709D86-1F90-495D-8153-747314A4A638}"
EndProject
Project("{9A19103F-16F7-4668-BE54-9A1E7A4F7556}") = "OnlineOrdering", "week04\OnlineOrdering\OnlineOrdering.csproj", "{E1B72617-DE50-4DD7-900B-8C51A2CE59DC}"
EndProject
Global
	GlobalSection(SolutionConfigurationPlatforms) = preSolution
		Debug|Any CPU = Debug|Any CPU
		Release|Any CPU = Release|Any CPU
	EndGlobalSection
	GlobalSection(ProjectConfigurationPlatforms) = postSolution
		{6409C6A6-3314-4F36-BD7B-FA079BA06F90}.Debug|Any CPU.ActiveCfg = Debug|Any CPU
		{6409C6A6-3314-4F36-BD7B-FA079BA06F90}.Debug|Any CPU.Build.0 = Debug|Any CPU
		{6409C6A6-3314-4F36-BD7B-FA079BA06F90}.Release|Any CPU.ActiveCfg = Release|Any CPU
		{6409C6A6-3314-4F36-BD7B-FA079BA06F90}.Release|Any CPU.Build.0 = Release|Any CPU
		{CC5D8D87-BCB1-4F81-BDA5-886D984F04CE}.Debug|Any CPU.ActiveCfg = Debug|Any CPU
		{CC5D8D87-BCB1-4F81-BDA5-886D984F04CE}.Debug|Any CPU.Build.0 = Debug|Any CPU
		{CC5D8D87-BCB1-4F81-BDA5-886D984F04CE}.Release|Any CPU.ActiveCfg = Release|Any CPU
		{CC5D8D87-BCB1-4F81-BDA5-886D984F04CE}.Release|Any CPU.Build.0 = Release|Any CPU
		{601D6B36-7674-4674-BD7A-E7852E6359D0}.Debug|Any CPU.ActiveCfg = Debug|Any CPU
		{601D6B36-7674-4674-BD7A-E7852E6359D0}.Debug|Any CPU.Build.0 = Debug|Any CPU
		{601D6B36-7674-4674-BD7A-E7852E6359D0}.Release|Any CPU.ActiveCfg = Release|Any CPU
		{601D6B36-7674-4674-BD7A-E7852E6359D0}.Release|Any CPU.Build.0 = Release|Any CPU
		{1C8AF333-AD42-4CC0-B79C-E1CB43A8E795}.Debug|Any CPU.ActiveCfg = Debug|Any CPU
		{1C8AF333-AD42-4CC0-B79C-E1CB43A8E795}.Debug|Any CPU.Build.0 = Debug|Any CPU
		{1C8AF333-AD42-4CC0-B79C-E1CB43A8E795}.Release|Any CPU.ActiveCfg = Release|Any CPU
		{1C8AF333-AD42-4CC0-B79C-E1CB43A8E795}.Release|Any CPU.Build.0 = Release|Any CPU
		{03FBA388-2630-4F2A-B79C-48EDE963B884}.Debug|Any CPU.ActiveCfg = Debug|Any CPU
		{03FBA388-2630-4F2A-B79C-48EDE963B884}.Debug|Any CPU.Build.0 = Debug|Any CPU
		{03FBA388-2630-4F2A-B79C-48EDE963B884}.Release|Any CPU.ActiveCfg = Release|Any CPU
		{03FBA388-2630-4F2A-B79C-48EDE963B884}.Release|Any CPU.Build.0 = Release|Any CPU
		{9340ED8D-0E10-4C19-8765-442744CF2BFE}.Debug|Any CPU.ActiveCfg = Debug|Any CPU
		{9340ED8D-0E10-4C19-8765-442744CF2BFE}.Debug|Any CPU.Build.0 = Debug|Any CPU
		{9340ED8D-0E10-4C19-8765-442744CF2BFE}.Release|Any CPU.ActiveCfg = Release|Any CPU
		{9340ED8D-0E10-4C19-8765-442744CF2BFE}.Release|Any CPU.Build.0 = Release|Any CPU
		{249D5C4B-0D54-4790-9131-02EBA89C96F0}.Debug|Any CPU.ActiveCfg = Debug|Any CPU
		{249D5C4B-0D54-4790-9131-02EBA89C96F0}.Debug|Any CPU.Build.0 = Debug|Any CPU
		{249D5C4B-0D54-4790-9131-02EBA89C96F0}.Release|Any CPU.ActiveCfg = Release|Any CPU
		{249D5C4B-0D54-4790-9131-02EBA89C96F0}.Release|Any CPU.Build.0 = Release|Any CPU
		{82E6EE3D-129A-4D99-99D4-70EB7764A7C4}.Debug|Any CPU.ActiveCfg = Debug|Any CPU
		{82E6EE3D-129A-4D99-99D4-70EB7764A7C4}.Debug|Any CPU.Build.0 = Debug|Any CPU
		{82E6EE3D-129A-4D99-99D4-70EB7764A7C4}.Release|Any CPU.ActiveCfg = Release|Any CPU
		{82E6EE3D-129A-4D99-99D4-70EB7764A7C4}.Release|Any CPU.Build.0 = Release|Any CPU
		{2032EE67-AAFA-4627-8C1F-E0DE4A64BEE4}.Debug|Any CPU.ActiveCfg = Debug|Any CPU
		{2032EE67-AAFA-4627-8C1F-E0DE4A64BEE4}.Debug|Any CPU.Build.0 = Debug|Any CPU
		{2032EE67-AAFA-4627-8C1F-E0DE4A64BEE4}.Release|Any CPU.ActiveCfg = Release|Any CPU
		{2032EE67-AAFA-4627-8C1F-E0DE4A64BEE4}.Release|Any CPU.Build.0 = Release|Any CPU
		{024DF127-A6D2-48C5-9D6E-F9CADC7A5FBE}.Debug|Any CPU.ActiveCfg = Debug|Any CPU
		{024DF127-A6D2-48C5-9D6E-F9CADC7A5FBE}.Debug|Any CPU.Build.0 = Debug|Any CPU
		{024DF127-A6D2-48C5-9D6E-F9CADC7A5FBE}.Release|Any CPU.ActiveCfg = Release|Any CPU
		{024DF127-A6D2-48C5-9D6E-F9CADC7A5FBE}.Release|Any CPU.Build.0 = Release|Any CPU
		{43747AB7-08F4-40D8-9C09-0375269692A9}.Debug|Any CPU.ActiveCfg = Debug|Any CPU
		{43747AB7-08F4-40D8-9C09-0375269692A9}.Debug|Any CPU.Build.0 = Debug|Any CPU
		{43747AB7-08F4-40D8-9C09-0375269692A9}.Release|Any CPU.ActiveCfg = Release|Any CPU
		{43747AB7-08F4-40D8-9C09-0375269692A9}.Release|Any CPU.Build.0 = Release|Any CPU
		{147CC958-797E-4D79-BE88-228E95A8678B}.Debug|Any CPU.ActiveCfg = Debug|Any CPU
		{147CC958-797E-4D79-BE88-228E95A8678B}.Debug|Any CPU.Build.0 = Debug|Any CPU
		{147CC958-797E-4D79-BE88-228E95A8678B}.Release|Any CPU.ActiveCfg = Release|Any CPU
		{147CC958-797E-4D79-BE88-228E95A8678B}.Release|Any CPU.Build.0 = Release|Any CPU
		{DF1CDA63-2463-48B3-A47F-2C81A75225BA}.Debug|Any CPU.ActiveCfg = Debug|Any CPU
		{DF1CDA63-2463-48B3-A47F-2C81A75225BA}.Debug|Any CPU.Build.0 = Debug|Any CPU
		{DF1CDA63-2463-48B3-A47F-2C81A75225BA}.Release|Any CPU.ActiveCfg = Release|Any CPU
		{DF1CDA63-2463-48B3-A47F-2C81A75225BA}.Release|Any CPU.Build.0 = Release|Any CPU
		{B3A2033E-30AB-4EC0-AA9F-6ACC7AA1A2D5}.Debug|Any CPU.ActiveCfg = Debug|Any CPU
		{B3A2033E-30AB-4EC0-AA9F-6ACC7AA1A2D5}.Debug|Any CPU.Build.0 = Debug|Any CPU
		{B3A2033E-30AB-4EC0-AA9F-6ACC7AA1A2D5}.Release|Any CPU.ActiveCfg = Release|Any CPU
		{B3A2033E-30AB-4EC0-AA9F-6ACC7AA1A2D5}.Release|Any CPU.Build.0 = Release|Any CPU
		{6D76A1CF-EC33-4A11-A4D1-875E3BC9B0F4}.Debug|Any CPU.ActiveCfg = Debug|Any CPU
		{6D76A1CF-EC33-4A11-A4D1-875E3BC9B0F4}.Debug|Any CPU.Build.0 = Debug|Any CPU
		{6D76A1CF-EC33-4A11-A4D1-875E3BC9B0F4}.Release|Any CPU.ActiveCfg = Release|Any CPU
		{6D76A1CF-EC33-4A11-A4D1-875E3BC9B0F4}.Release|Any CPU.Build.0 = Release|Any CPU
		{A6709D86-1F90-495D-8153-747314A4A638}.Debug|Any CPU.ActiveCfg = Debug|Any CPU
		{A6709D86-1F90-495D-8153-747314A4A638}.Debug|Any CPU.Build.0 = Debug|Any CPU
		{A6709D86-1F90-495D-8153-747314A4A638}.Release|Any CPU.ActiveCfg = Release|Any CPU
		{A6709D86-1F90-495D-8153-747314A4A638}.Release|Any CPU.Build.0 = Release|Any CPU
		{E1B72617-DE50-4DD7-900B-8C51A2CE59DC}.Debug|Any CPU.ActiveCfg = Debug|Any CPU
		{E1B72617-DE50-4DD7-900B-8C51A2CE59DC}.Debug|Any CPU.Build.0 = Debug|Any CPU
		{E1B72617-DE50-4DD7-900B-8C51A2CE59DC}.Release|Any CPU.ActiveCfg = Release|Any CPU
		{E1B72617-DE50-4DD7-900B-8C51A2CE59DC}.Release|Any CPU.Build.0 = Release|Any CPU
	EndGlobalSection
	GlobalSection(SolutionProperties) = preSolution
		HideSolutionNode = FALSE
	EndGlobalSection
	GlobalSection(NestedProjects) = preSolution
		{6409C6A6-3314-4F36-BD7B-FA079BA06F90} = {7D98D489-4D78-4660-B2EC-D9514D3AF13D}
		{CC5D8D87-BCB1-4F81-BDA5-886D984F04CE} = {7D98D489-4D78-4660-B2EC-D9514D3AF13D}
		{601D6B36-7674-4674-BD7A-E7852E6359D0} = {7D98D489-4D78-4660-B2EC-D9514D3AF13D}
		{1C8AF333-AD42-4CC0-B79C-E1CB43A8E795} = {7D98D489-4D78-4660-B2EC-D9514D3AF13D}
		{03FBA388-2630-4F2A-B79C-48EDE963B884} = {7D98D489-4D78-4660-B2EC-D9514D3AF13D}
		{9340ED8D-0E10-4C19-8765-442744CF2BFE} = {EDE0D969-8D2A-42D4-ACF6-2B8D4AD5A0C5}
		{249D5C4B-0D54-4790-9131-02EBA89C96F0} = {EDE0D969-8D2A-42D4-ACF6-2B8D4AD5A0C5}
		{82E6EE3D-129A-4D99-99D4-70EB7764A7C4} = {8A41528E-2578-42D0-8D2F-3D0A560B8F9F}
		{2032EE67-AAFA-4627-8C1F-E0DE4A64BEE4} = {1E740AED-560C-47A4-8E1A-F4B2940851B5}
		{024DF127-A6D2-48C5-9D6E-F9CADC7A5FBE} = {1625D5AC-DA72-440B-BEAD-10EA1BC43FF6}
		{43747AB7-08F4-40D8-9C09-0375269692A9} = {1625D5AC-DA72-440B-BEAD-10EA1BC43FF6}
		{147CC958-797E-4D79-BE88-228E95A8678B} = {B5BEAF5E-7F55-4411-AC6D-7E6DEDAFACB1}
		{DF1CDA63-2463-48B3-A47F-2C81A75225BA} = {B5BEAF5E-7F55-4411-AC6D-7E6DEDAFACB1}
		{B3A2033E-30AB-4EC0-AA9F-6ACC7AA1A2D5} = {F02862B3-F181-4F4C-9998-E7B60A408DE0}
		{6D76A1CF-EC33-4A11-A4D1-875E3BC9B0F4} = {F02862B3-F181-4F4C-9998-E7B60A408DE0}
		{A6709D86-1F90-495D-8153-747314A4A638} = {DF91008F-F53E-47FA-8705-F7975A484AC4}
		{E1B72617-DE50-4DD7-900B-8C51A2CE59DC} = {DF91008F-F53E-47FA-8705-F7975A484AC4}
	EndGlobalSection
	GlobalSection(ExtensibilityGlobals) = postSolution
		SolutionGuid = {F0FE697C-A888-4331-AE3F-A57311A5E554}
	EndGlobalSection
EndGlobal
